
Microsoft Visual Studio Solution File, Format Version 12.00
# Visual Studio Version 16
VisualStudioVersion = 16.0.31515.178
MinimumVisualStudioVersion = 10.0.40219.1
Project("{9A19103F-16F7-4668-BE54-9A1E7A4F7556}") = "MOVIE_BOOKING_CORE", "MOVIE_BOOKING_CORE\MOVIE_BOOKING_CORE.csproj", "{40115B91-1381-4268-94C5-CE2621436279}"
EndProject
Global
	GlobalSection(SolutionConfigurationPlatforms) = preSolution
		Debug|Any CPU = Debug|Any CPU
		Release|Any CPU = Release|Any CPU
	EndGlobalSection
	GlobalSection(ProjectConfigurationPlatforms) = postSolution
		{40115B91-1381-4268-94C5-CE2621436279}.Debug|Any CPU.ActiveCfg = Debug|Any CPU
		{40115B91-1381-4268-94C5-CE2621436279}.Debug|Any CPU.Build.0 = Debug|Any CPU
		{40115B91-1381-4268-94C5-CE2621436279}.Release|Any CPU.ActiveCfg = Release|Any CPU
		{40115B91-1381-4268-94C5-CE2621436279}.Release|Any CPU.Build.0 = Release|Any CPU
	EndGlobalSection
	GlobalSection(SolutionProperties) = preSolution
		HideSolutionNode = FALSE
	EndGlobalSection
	GlobalSection(ExtensibilityGlobals) = postSolution
		SolutionGuid = {40CA72E0-2B45-41AE-865B-426D5930631C}
	EndGlobalSection
EndGlobal
